
Microsoft Visual Studio Solution File, Format Version 12.00
# Visual Studio 15
VisualStudioVersion = 15.0.27130.2036
MinimumVisualStudioVersion = 10.0.40219.1
Project("{FAE04EC0-301F-11D3-BF4B-00C04F79EFBC}") = "Server", "Server\Server.csproj", "{85DBA02C-6147-4B30-BF84-4196F09C8C18}"
EndProject
Project("{FAE04EC0-301F-11D3-BF4B-00C04F79EFBC}") = "Client", "Client\Client.csproj", "{8A5BEE42-AEA1-435D-B27B-5EA32F38090F}"
EndProject
Project("{FAE04EC0-301F-11D3-BF4B-00C04F79EFBC}") = "SharedLibrary", "SharedLibrary\SharedLibrary.csproj", "{46DC2A0B-286A-4BE0-BDFE-BD362E6D604D}"
EndProject
Project("{FAE04EC0-301F-11D3-BF4B-00C04F79EFBC}") = "ClientTests", "ClientTests\ClientTests.csproj", "{0F5521B4-57B9-4E52-A491-C06E92B9F684}"
EndProject
Project("{FAE04EC0-301F-11D3-BF4B-00C04F79EFBC}") = "ServerTests", "ServerTests\ServerTests.csproj", "{5C3F3D10-77D0-4671-BE28-6A3673AB0CCC}"
EndProject
Project("{FAE04EC0-301F-11D3-BF4B-00C04F79EFBC}") = "SharedLibraryTests", "SharedLibraryTests\SharedLibraryTests.csproj", "{57F6C96A-13B4-412E-952A-CB38DB4841B1}"
EndProject
Project("{2150E333-8FDC-42A3-9474-1A3956D46DE8}") = "Solution Items", "Solution Items", "{4D5CB894-A908-4F3E-B63D-A2500EF3A1AC}"
	ProjectSection(SolutionItems) = preProject
		.editorconfig = .editorconfig
	EndProjectSection
EndProject
Project("{2150E333-8FDC-42A3-9474-1A3956D46DE8}") = "JsonExamples", "JsonExamples", "{D06D91F9-D6EF-46FE-9D44-C10FF52AF0A7}"
	ProjectSection(SolutionItems) = preProject
		states.json = states.json
	EndProjectSection
EndProject
Global
	GlobalSection(SolutionConfigurationPlatforms) = preSolution
		Debug|Any CPU = Debug|Any CPU
		Release|Any CPU = Release|Any CPU
	EndGlobalSection
	GlobalSection(ProjectConfigurationPlatforms) = postSolution
		{85DBA02C-6147-4B30-BF84-4196F09C8C18}.Debug|Any CPU.ActiveCfg = Debug|Any CPU
		{85DBA02C-6147-4B30-BF84-4196F09C8C18}.Debug|Any CPU.Build.0 = Debug|Any CPU
		{85DBA02C-6147-4B30-BF84-4196F09C8C18}.Release|Any CPU.ActiveCfg = Release|Any CPU
		{85DBA02C-6147-4B30-BF84-4196F09C8C18}.Release|Any CPU.Build.0 = Release|Any CPU
		{8A5BEE42-AEA1-435D-B27B-5EA32F38090F}.Debug|Any CPU.ActiveCfg = Debug|Any CPU
		{8A5BEE42-AEA1-435D-B27B-5EA32F38090F}.Debug|Any CPU.Build.0 = Debug|Any CPU
		{8A5BEE42-AEA1-435D-B27B-5EA32F38090F}.Release|Any CPU.ActiveCfg = Release|Any CPU
		{8A5BEE42-AEA1-435D-B27B-5EA32F38090F}.Release|Any CPU.Build.0 = Release|Any CPU
		{46DC2A0B-286A-4BE0-BDFE-BD362E6D604D}.Debug|Any CPU.ActiveCfg = Debug|Any CPU
		{46DC2A0B-286A-4BE0-BDFE-BD362E6D604D}.Debug|Any CPU.Build.0 = Debug|Any CPU
		{46DC2A0B-286A-4BE0-BDFE-BD362E6D604D}.Release|Any CPU.ActiveCfg = Release|Any CPU
		{46DC2A0B-286A-4BE0-BDFE-BD362E6D604D}.Release|Any CPU.Build.0 = Release|Any CPU
		{0F5521B4-57B9-4E52-A491-C06E92B9F684}.Debug|Any CPU.ActiveCfg = Debug|Any CPU
		{0F5521B4-57B9-4E52-A491-C06E92B9F684}.Debug|Any CPU.Build.0 = Debug|Any CPU
		{0F5521B4-57B9-4E52-A491-C06E92B9F684}.Release|Any CPU.ActiveCfg = Release|Any CPU
		{0F5521B4-57B9-4E52-A491-C06E92B9F684}.Release|Any CPU.Build.0 = Release|Any CPU
		{5C3F3D10-77D0-4671-BE28-6A3673AB0CCC}.Debug|Any CPU.ActiveCfg = Debug|Any CPU
		{5C3F3D10-77D0-4671-BE28-6A3673AB0CCC}.Debug|Any CPU.Build.0 = Debug|Any CPU
		{5C3F3D10-77D0-4671-BE28-6A3673AB0CCC}.Release|Any CPU.ActiveCfg = Release|Any CPU
		{5C3F3D10-77D0-4671-BE28-6A3673AB0CCC}.Release|Any CPU.Build.0 = Release|Any CPU
		{57F6C96A-13B4-412E-952A-CB38DB4841B1}.Debug|Any CPU.ActiveCfg = Debug|Any CPU
		{57F6C96A-13B4-412E-952A-CB38DB4841B1}.Debug|Any CPU.Build.0 = Debug|Any CPU
		{57F6C96A-13B4-412E-952A-CB38DB4841B1}.Release|Any CPU.ActiveCfg = Release|Any CPU
		{57F6C96A-13B4-412E-952A-CB38DB4841B1}.Release|Any CPU.Build.0 = Release|Any CPU
	EndGlobalSection
	GlobalSection(SolutionProperties) = preSolution
		HideSolutionNode = FALSE
	EndGlobalSection
	GlobalSection(ExtensibilityGlobals) = postSolution
		SolutionGuid = {21B1D755-E2BA-415A-9F9D-668BE00ADA76}
	EndGlobalSection
EndGlobal
